// !$*UTF8*$!
{
	archiveVersion = 1;
	classes = {
	};
	objectVersion = 56;
	objects = {

/* Begin PBXBuildFile section */
		E3741A902BE3EF5700697F5F /* User.swift in Sources */ = {isa = PBXBuildFile; fileRef = E3741A8F2BE3EF5700697F5F /* User.swift */; };
		E3741A922BE3EF9700697F5F /* Ticket.swift in Sources */ = {isa = PBXBuildFile; fileRef = E3741A912BE3EF9700697F5F /* Ticket.swift */; };
		E3741A952BE3F8C900697F5F /* LoginView.swift in Sources */ = {isa = PBXBuildFile; fileRef = E3741A942BE3F8C900697F5F /* LoginView.swift */; };
		E3741A982BE3F8F700697F5F /* RegistrationView.swift in Sources */ = {isa = PBXBuildFile; fileRef = E3741A972BE3F8F700697F5F /* RegistrationView.swift */; };
		E3741A9A2BE4041B00697F5F /* GoogleService-Info.plist in Resources */ = {isa = PBXBuildFile; fileRef = E3741A992BE4041B00697F5F /* GoogleService-Info.plist */; };
		E3741A9D2BE4055E00697F5F /* FirebaseAuth in Frameworks */ = {isa = PBXBuildFile; productRef = E3741A9C2BE4055E00697F5F /* FirebaseAuth */; };
		E3741A9F2BE4055E00697F5F /* FirebaseFirestore in Frameworks */ = {isa = PBXBuildFile; productRef = E3741A9E2BE4055E00697F5F /* FirebaseFirestore */; };
		E3741AA12BE4055E00697F5F /* FirebaseFirestoreSwift in Frameworks */ = {isa = PBXBuildFile; productRef = E3741AA02BE4055E00697F5F /* FirebaseFirestoreSwift */; };
		E3741AA32BE4055E00697F5F /* FirebaseStorage in Frameworks */ = {isa = PBXBuildFile; productRef = E3741AA22BE4055E00697F5F /* FirebaseStorage */; };
		E3741AA72BE4264800697F5F /* LoginViewModel.swift in Sources */ = {isa = PBXBuildFile; fileRef = E3741AA62BE4264800697F5F /* LoginViewModel.swift */; };
		E3741AA92BE4265300697F5F /* RegistrationViewModel.swift in Sources */ = {isa = PBXBuildFile; fileRef = E3741AA82BE4265300697F5F /* RegistrationViewModel.swift */; };
		E3741AAB2BE426AA00697F5F /* AuthService.swift in Sources */ = {isa = PBXBuildFile; fileRef = E3741AAA2BE426AA00697F5F /* AuthService.swift */; };
		E3741AAF2BE42D0A00697F5F /* MainTicketView.swift in Sources */ = {isa = PBXBuildFile; fileRef = E3741AAE2BE42D0A00697F5F /* MainTicketView.swift */; };
		E3741AB42BE42F1800697F5F /* ContentViewModel.swift in Sources */ = {isa = PBXBuildFile; fileRef = E3741AB32BE42F1800697F5F /* ContentViewModel.swift */; };
		E3741AB82BE4334000697F5F /* MainTicketViewModel.swift in Sources */ = {isa = PBXBuildFile; fileRef = E3741AB72BE4334000697F5F /* MainTicketViewModel.swift */; };
		E3741ABA2BE44ACD00697F5F /* UserService.swift in Sources */ = {isa = PBXBuildFile; fileRef = E3741AB92BE44ACD00697F5F /* UserService.swift */; };
		E3741ABD2BE5723600697F5F /* SideMenu.swift in Sources */ = {isa = PBXBuildFile; fileRef = E3741ABC2BE5723600697F5F /* SideMenu.swift */; };
		E3741ABF2BE573B800697F5F /* SideMenuRowType.swift in Sources */ = {isa = PBXBuildFile; fileRef = E3741ABE2BE573B800697F5F /* SideMenuRowType.swift */; };
		E3741AC12BE574B800697F5F /* SideMenuView.swift in Sources */ = {isa = PBXBuildFile; fileRef = E3741AC02BE574B800697F5F /* SideMenuView.swift */; };
		E3741AC32BE57ADE00697F5F /* MainTabbedView.swift in Sources */ = {isa = PBXBuildFile; fileRef = E3741AC22BE57ADE00697F5F /* MainTabbedView.swift */; };
		E3741AC52BE57DDB00697F5F /* ProfileView.swift in Sources */ = {isa = PBXBuildFile; fileRef = E3741AC42BE57DDB00697F5F /* ProfileView.swift */; };
		E3741AC82BE5813900697F5F /* FavoriteView.swift in Sources */ = {isa = PBXBuildFile; fileRef = E3741AC72BE5813900697F5F /* FavoriteView.swift */; };
		E3B87C852BE3EAA2009A6DFD /* HelpDeskApp.swift in Sources */ = {isa = PBXBuildFile; fileRef = E3B87C842BE3EAA2009A6DFD /* HelpDeskApp.swift */; };
		E3B87C872BE3EAA2009A6DFD /* ContentView.swift in Sources */ = {isa = PBXBuildFile; fileRef = E3B87C862BE3EAA2009A6DFD /* ContentView.swift */; };
		E3B87C892BE3EAA5009A6DFD /* Assets.xcassets in Resources */ = {isa = PBXBuildFile; fileRef = E3B87C882BE3EAA5009A6DFD /* Assets.xcassets */; };
		E3B87C8C2BE3EAA5009A6DFD /* Preview Assets.xcassets in Resources */ = {isa = PBXBuildFile; fileRef = E3B87C8B2BE3EAA5009A6DFD /* Preview Assets.xcassets */; };
/* End PBXBuildFile section */

/* Begin PBXFileReference section */
		E3741A8F2BE3EF5700697F5F /* User.swift */ = {isa = PBXFileReference; lastKnownFileType = sourcecode.swift; path = User.swift; sourceTree = "<group>"; };
		E3741A912BE3EF9700697F5F /* Ticket.swift */ = {isa = PBXFileReference; lastKnownFileType = sourcecode.swift; path = Ticket.swift; sourceTree = "<group>"; };
		E3741A942BE3F8C900697F5F /* LoginView.swift */ = {isa = PBXFileReference; lastKnownFileType = sourcecode.swift; path = LoginView.swift; sourceTree = "<group>"; };
		E3741A972BE3F8F700697F5F /* RegistrationView.swift */ = {isa = PBXFileReference; lastKnownFileType = sourcecode.swift; path = RegistrationView.swift; sourceTree = "<group>"; };
		E3741A992BE4041B00697F5F /* GoogleService-Info.plist */ = {isa = PBXFileReference; fileEncoding = 4; lastKnownFileType = text.plist.xml; path = "GoogleService-Info.plist"; sourceTree = "<group>"; };
		E3741AA62BE4264800697F5F /* LoginViewModel.swift */ = {isa = PBXFileReference; lastKnownFileType = sourcecode.swift; path = LoginViewModel.swift; sourceTree = "<group>"; };
		E3741AA82BE4265300697F5F /* RegistrationViewModel.swift */ = {isa = PBXFileReference; lastKnownFileType = sourcecode.swift; path = RegistrationViewModel.swift; sourceTree = "<group>"; };
		E3741AAA2BE426AA00697F5F /* AuthService.swift */ = {isa = PBXFileReference; lastKnownFileType = sourcecode.swift; path = AuthService.swift; sourceTree = "<group>"; };
		E3741AAE2BE42D0A00697F5F /* MainTicketView.swift */ = {isa = PBXFileReference; lastKnownFileType = sourcecode.swift; path = MainTicketView.swift; sourceTree = "<group>"; };
		E3741AB32BE42F1800697F5F /* ContentViewModel.swift */ = {isa = PBXFileReference; lastKnownFileType = sourcecode.swift; path = ContentViewModel.swift; sourceTree = "<group>"; };
		E3741AB72BE4334000697F5F /* MainTicketViewModel.swift */ = {isa = PBXFileReference; lastKnownFileType = sourcecode.swift; path = MainTicketViewModel.swift; sourceTree = "<group>"; };
		E3741AB92BE44ACD00697F5F /* UserService.swift */ = {isa = PBXFileReference; lastKnownFileType = sourcecode.swift; path = UserService.swift; sourceTree = "<group>"; };
		E3741ABC2BE5723600697F5F /* SideMenu.swift */ = {isa = PBXFileReference; lastKnownFileType = sourcecode.swift; path = SideMenu.swift; sourceTree = "<group>"; };
		E3741ABE2BE573B800697F5F /* SideMenuRowType.swift */ = {isa = PBXFileReference; lastKnownFileType = sourcecode.swift; path = SideMenuRowType.swift; sourceTree = "<group>"; };
		E3741AC02BE574B800697F5F /* SideMenuView.swift */ = {isa = PBXFileReference; lastKnownFileType = sourcecode.swift; path = SideMenuView.swift; sourceTree = "<group>"; };
		E3741AC22BE57ADE00697F5F /* MainTabbedView.swift */ = {isa = PBXFileReference; lastKnownFileType = sourcecode.swift; path = MainTabbedView.swift; sourceTree = "<group>"; };
		E3741AC42BE57DDB00697F5F /* ProfileView.swift */ = {isa = PBXFileReference; lastKnownFileType = sourcecode.swift; path = ProfileView.swift; sourceTree = "<group>"; };
		E3741AC72BE5813900697F5F /* FavoriteView.swift */ = {isa = PBXFileReference; lastKnownFileType = sourcecode.swift; path = FavoriteView.swift; sourceTree = "<group>"; };
		E3B87C812BE3EAA2009A6DFD /* HelpDesk.app */ = {isa = PBXFileReference; explicitFileType = wrapper.application; includeInIndex = 0; path = HelpDesk.app; sourceTree = BUILT_PRODUCTS_DIR; };
		E3B87C842BE3EAA2009A6DFD /* HelpDeskApp.swift */ = {isa = PBXFileReference; lastKnownFileType = sourcecode.swift; path = HelpDeskApp.swift; sourceTree = "<group>"; };
		E3B87C862BE3EAA2009A6DFD /* ContentView.swift */ = {isa = PBXFileReference; lastKnownFileType = sourcecode.swift; path = ContentView.swift; sourceTree = "<group>"; };
		E3B87C882BE3EAA5009A6DFD /* Assets.xcassets */ = {isa = PBXFileReference; lastKnownFileType = folder.assetcatalog; path = Assets.xcassets; sourceTree = "<group>"; };
		E3B87C8B2BE3EAA5009A6DFD /* Preview Assets.xcassets */ = {isa = PBXFileReference; lastKnownFileType = folder.assetcatalog; path = "Preview Assets.xcassets"; sourceTree = "<group>"; };
/* End PBXFileReference section */

/* Begin PBXFrameworksBuildPhase section */
		E3B87C7E2BE3EAA2009A6DFD /* Frameworks */ = {
			isa = PBXFrameworksBuildPhase;
			buildActionMask = 2147483647;
			files = (
				E3741A9D2BE4055E00697F5F /* FirebaseAuth in Frameworks */,
				E3741AA32BE4055E00697F5F /* FirebaseStorage in Frameworks */,
				E3741A9F2BE4055E00697F5F /* FirebaseFirestore in Frameworks */,
				E3741AA12BE4055E00697F5F /* FirebaseFirestoreSwift in Frameworks */,
			);
			runOnlyForDeploymentPostprocessing = 0;
		};
/* End PBXFrameworksBuildPhase section */

/* Begin PBXGroup section */
		E3741A8A2BE3EBBE00697F5F /* App */ = {
			isa = PBXGroup;
			children = (
				E3B87C842BE3EAA2009A6DFD /* HelpDeskApp.swift */,
			);
			path = App;
			sourceTree = "<group>";
		};
		E3741A8B2BE3EBCC00697F5F /* Scenes */ = {
			isa = PBXGroup;
			children = (
				E3741AAD2BE42CDC00697F5F /* Ticket */,
				E3741AC62BE5812B00697F5F /* Favorite */,
				E3741AC92BE5818200697F5F /* Profile */,
				E3741ABB2BE5722500697F5F /* SideMenu */,
				E3741AB02BE42ECD00697F5F /* Root */,
				E3741A932BE3F8B600697F5F /* Authentication */,
			);
			path = Scenes;
			sourceTree = "<group>";
		};
		E3741A8C2BE3EBF000697F5F /* Model */ = {
			isa = PBXGroup;
			children = (
				E3741A8F2BE3EF5700697F5F /* User.swift */,
				E3741A912BE3EF9700697F5F /* Ticket.swift */,
			);
			path = Model;
			sourceTree = "<group>";
		};
		E3741A932BE3F8B600697F5F /* Authentication */ = {
			isa = PBXGroup;
			children = (
				E3741AA52BE4263200697F5F /* Service */,
				E3741AA42BE4262500697F5F /* ViewModel */,
				E3741AAC2BE427AC00697F5F /* View */,
			);
			path = Authentication;
			sourceTree = "<group>";
		};
		E3741AA42BE4262500697F5F /* ViewModel */ = {
			isa = PBXGroup;
			children = (
				E3741AA62BE4264800697F5F /* LoginViewModel.swift */,
				E3741AA82BE4265300697F5F /* RegistrationViewModel.swift */,
			);
			path = ViewModel;
			sourceTree = "<group>";
		};
		E3741AA52BE4263200697F5F /* Service */ = {
			isa = PBXGroup;
			children = (
				E3741AAA2BE426AA00697F5F /* AuthService.swift */,
				E3741AB92BE44ACD00697F5F /* UserService.swift */,
			);
			path = Service;
			sourceTree = "<group>";
		};
		E3741AAC2BE427AC00697F5F /* View */ = {
			isa = PBXGroup;
			children = (
				E3741A942BE3F8C900697F5F /* LoginView.swift */,
				E3741A972BE3F8F700697F5F /* RegistrationView.swift */,
			);
			path = View;
			sourceTree = "<group>";
		};
		E3741AAD2BE42CDC00697F5F /* Ticket */ = {
			isa = PBXGroup;
			children = (
				E3741AB52BE4331C00697F5F /* View */,
				E3741AB62BE4332300697F5F /* ViewModel */,
			);
			path = Ticket;
			sourceTree = "<group>";
		};
		E3741AB02BE42ECD00697F5F /* Root */ = {
			isa = PBXGroup;
			children = (
				E3741AB12BE42EE400697F5F /* VIew */,
				E3741AB22BE42EF100697F5F /* ViewModel */,
			);
			path = Root;
			sourceTree = "<group>";
		};
		E3741AB12BE42EE400697F5F /* VIew */ = {
			isa = PBXGroup;
			children = (
				E3B87C862BE3EAA2009A6DFD /* ContentView.swift */,
			);
			path = VIew;
			sourceTree = "<group>";
		};
		E3741AB22BE42EF100697F5F /* ViewModel */ = {
			isa = PBXGroup;
			children = (
				E3741AB32BE42F1800697F5F /* ContentViewModel.swift */,
			);
			path = ViewModel;
			sourceTree = "<group>";
		};
		E3741AB52BE4331C00697F5F /* View */ = {
			isa = PBXGroup;
			children = (
				E3741AAE2BE42D0A00697F5F /* MainTicketView.swift */,
			);
			path = View;
			sourceTree = "<group>";
		};
		E3741AB62BE4332300697F5F /* ViewModel */ = {
			isa = PBXGroup;
			children = (
				E3741AB72BE4334000697F5F /* MainTicketViewModel.swift */,
			);
			path = ViewModel;
			sourceTree = "<group>";
		};
		E3741ABB2BE5722500697F5F /* SideMenu */ = {
			isa = PBXGroup;
			children = (
				E3741ABC2BE5723600697F5F /* SideMenu.swift */,
				E3741ABE2BE573B800697F5F /* SideMenuRowType.swift */,
				E3741AC02BE574B800697F5F /* SideMenuView.swift */,
				E3741AC22BE57ADE00697F5F /* MainTabbedView.swift */,
			);
			path = SideMenu;
			sourceTree = "<group>";
		};
		E3741AC62BE5812B00697F5F /* Favorite */ = {
			isa = PBXGroup;
			children = (
				E3741AC72BE5813900697F5F /* FavoriteView.swift */,
			);
			path = Favorite;
			sourceTree = "<group>";
		};
		E3741AC92BE5818200697F5F /* Profile */ = {
			isa = PBXGroup;
			children = (
				E3741AC42BE57DDB00697F5F /* ProfileView.swift */,
			);
			path = Profile;
			sourceTree = "<group>";
		};
		E3B87C782BE3EAA2009A6DFD = {
			isa = PBXGroup;
			children = (
				E3B87C832BE3EAA2009A6DFD /* HelpDesk */,
				E3B87C822BE3EAA2009A6DFD /* Products */,
			);
			sourceTree = "<group>";
		};
		E3B87C822BE3EAA2009A6DFD /* Products */ = {
			isa = PBXGroup;
			children = (
				E3B87C812BE3EAA2009A6DFD /* HelpDesk.app */,
			);
			name = Products;
			sourceTree = "<group>";
		};
		E3B87C832BE3EAA2009A6DFD /* HelpDesk */ = {
			isa = PBXGroup;
			children = (
				E3741A8A2BE3EBBE00697F5F /* App */,
				E3741A8C2BE3EBF000697F5F /* Model */,
				E3741A8B2BE3EBCC00697F5F /* Scenes */,
				E3B87C882BE3EAA5009A6DFD /* Assets.xcassets */,
				E3741A992BE4041B00697F5F /* GoogleService-Info.plist */,
				E3B87C8A2BE3EAA5009A6DFD /* Preview Content */,
			);
			path = HelpDesk;
			sourceTree = "<group>";
		};
		E3B87C8A2BE3EAA5009A6DFD /* Preview Content */ = {
			isa = PBXGroup;
			children = (
				E3B87C8B2BE3EAA5009A6DFD /* Preview Assets.xcassets */,
			);
			path = "Preview Content";
			sourceTree = "<group>";
		};
/* End PBXGroup section */

/* Begin PBXNativeTarget section */
		E3B87C802BE3EAA2009A6DFD /* HelpDesk */ = {
			isa = PBXNativeTarget;
			buildConfigurationList = E3B87C8F2BE3EAA5009A6DFD /* Build configuration list for PBXNativeTarget "HelpDesk" */;
			buildPhases = (
				E3B87C7D2BE3EAA2009A6DFD /* Sources */,
				E3B87C7E2BE3EAA2009A6DFD /* Frameworks */,
				E3B87C7F2BE3EAA2009A6DFD /* Resources */,
			);
			buildRules = (
			);
			dependencies = (
			);
			name = HelpDesk;
			packageProductDependencies = (
				E3741A9C2BE4055E00697F5F /* FirebaseAuth */,
				E3741A9E2BE4055E00697F5F /* FirebaseFirestore */,
				E3741AA02BE4055E00697F5F /* FirebaseFirestoreSwift */,
				E3741AA22BE4055E00697F5F /* FirebaseStorage */,
			);
			productName = HelpDesk;
			productReference = E3B87C812BE3EAA2009A6DFD /* HelpDesk.app */;
			productType = "com.apple.product-type.application";
		};
/* End PBXNativeTarget section */

/* Begin PBXProject section */
		E3B87C792BE3EAA2009A6DFD /* Project object */ = {
			isa = PBXProject;
			attributes = {
				BuildIndependentTargetsInParallel = 1;
				LastSwiftUpdateCheck = 1510;
				LastUpgradeCheck = 1510;
				TargetAttributes = {
					E3B87C802BE3EAA2009A6DFD = {
						CreatedOnToolsVersion = 15.1;
					};
				};
			};
			buildConfigurationList = E3B87C7C2BE3EAA2009A6DFD /* Build configuration list for PBXProject "HelpDesk" */;
			compatibilityVersion = "Xcode 14.0";
			developmentRegion = en;
			hasScannedForEncodings = 0;
			knownRegions = (
				en,
				Base,
			);
			mainGroup = E3B87C782BE3EAA2009A6DFD;
			packageReferences = (
				E3741A9B2BE4055E00697F5F /* XCRemoteSwiftPackageReference "firebase-ios-sdk" */,
			);
			productRefGroup = E3B87C822BE3EAA2009A6DFD /* Products */;
			projectDirPath = "";
			projectRoot = "";
			targets = (
				E3B87C802BE3EAA2009A6DFD /* HelpDesk */,
			);
		};
/* End PBXProject section */

/* Begin PBXResourcesBuildPhase section */
		E3B87C7F2BE3EAA2009A6DFD /* Resources */ = {
			isa = PBXResourcesBuildPhase;
			buildActionMask = 2147483647;
			files = (
				E3B87C8C2BE3EAA5009A6DFD /* Preview Assets.xcassets in Resources */,
				E3B87C892BE3EAA5009A6DFD /* Assets.xcassets in Resources */,
				E3741A9A2BE4041B00697F5F /* GoogleService-Info.plist in Resources */,
			);
			runOnlyForDeploymentPostprocessing = 0;
		};
/* End PBXResourcesBuildPhase section */

/* Begin PBXSourcesBuildPhase section */
		E3B87C7D2BE3EAA2009A6DFD /* Sources */ = {
			isa = PBXSourcesBuildPhase;
			buildActionMask = 2147483647;
			files = (
				E3741ABF2BE573B800697F5F /* SideMenuRowType.swift in Sources */,
				E3B87C872BE3EAA2009A6DFD /* ContentView.swift in Sources */,
				E3741AC12BE574B800697F5F /* SideMenuView.swift in Sources */,
				E3741AB82BE4334000697F5F /* MainTicketViewModel.swift in Sources */,
				E3741A902BE3EF5700697F5F /* User.swift in Sources */,
				E3741AC32BE57ADE00697F5F /* MainTabbedView.swift in Sources */,
				E3B87C852BE3EAA2009A6DFD /* HelpDeskApp.swift in Sources */,
				E3741AAB2BE426AA00697F5F /* AuthService.swift in Sources */,
				E3741A952BE3F8C900697F5F /* LoginView.swift in Sources */,
				E3741ABA2BE44ACD00697F5F /* UserService.swift in Sources */,
				E3741AC52BE57DDB00697F5F /* ProfileView.swift in Sources */,
				E3741A982BE3F8F700697F5F /* RegistrationView.swift in Sources */,
				E3741ABD2BE5723600697F5F /* SideMenu.swift in Sources */,
				E3741AA92BE4265300697F5F /* RegistrationViewModel.swift in Sources */,
				E3741AB42BE42F1800697F5F /* ContentViewModel.swift in Sources */,
				E3741A922BE3EF9700697F5F /* Ticket.swift in Sources */,
				E3741AA72BE4264800697F5F /* LoginViewModel.swift in Sources */,
				E3741AC82BE5813900697F5F /* FavoriteView.swift in Sources */,
				E3741AAF2BE42D0A00697F5F /* MainTicketView.swift in Sources */,
			);
			runOnlyForDeploymentPostprocessing = 0;
		};
/* End PBXSourcesBuildPhase section */

/* Begin XCBuildConfiguration section */
		E3B87C8D2BE3EAA5009A6DFD /* Debug */ = {
			isa = XCBuildConfiguration;
			buildSettings = {
				ALWAYS_SEARCH_USER_PATHS = NO;
				ASSETCATALOG_COMPILER_GENERATE_SWIFT_ASSET_SYMBOL_EXTENSIONS = YES;
				CLANG_ANALYZER_NONNULL = YES;
				CLANG_ANALYZER_NUMBER_OBJECT_CONVERSION = YES_AGGRESSIVE;
				CLANG_CXX_LANGUAGE_STANDARD = "gnu++20";
				CLANG_ENABLE_MODULES = YES;
				CLANG_ENABLE_OBJC_ARC = YES;
				CLANG_ENABLE_OBJC_WEAK = YES;
				CLANG_WARN_BLOCK_CAPTURE_AUTORELEASING = YES;
				CLANG_WARN_BOOL_CONVERSION = YES;
				CLANG_WARN_COMMA = YES;
				CLANG_WARN_CONSTANT_CONVERSION = YES;
				CLANG_WARN_DEPRECATED_OBJC_IMPLEMENTATIONS = YES;
				CLANG_WARN_DIRECT_OBJC_ISA_USAGE = YES_ERROR;
				CLANG_WARN_DOCUMENTATION_COMMENTS = YES;
				CLANG_WARN_EMPTY_BODY = YES;
				CLANG_WARN_ENUM_CONVERSION = YES;
				CLANG_WARN_INFINITE_RECURSION = YES;
				CLANG_WARN_INT_CONVERSION = YES;
				CLANG_WARN_NON_LITERAL_NULL_CONVERSION = YES;
				CLANG_WARN_OBJC_IMPLICIT_RETAIN_SELF = YES;
				CLANG_WARN_OBJC_LITERAL_CONVERSION = YES;
				CLANG_WARN_OBJC_ROOT_CLASS = YES_ERROR;
				CLANG_WARN_QUOTED_INCLUDE_IN_FRAMEWORK_HEADER = YES;
				CLANG_WARN_RANGE_LOOP_ANALYSIS = YES;
				CLANG_WARN_STRICT_PROTOTYPES = YES;
				CLANG_WARN_SUSPICIOUS_MOVE = YES;
				CLANG_WARN_UNGUARDED_AVAILABILITY = YES_AGGRESSIVE;
				CLANG_WARN_UNREACHABLE_CODE = YES;
				CLANG_WARN__DUPLICATE_METHOD_MATCH = YES;
				COPY_PHASE_STRIP = NO;
				DEBUG_INFORMATION_FORMAT = dwarf;
				ENABLE_STRICT_OBJC_MSGSEND = YES;
				ENABLE_TESTABILITY = YES;
				ENABLE_USER_SCRIPT_SANDBOXING = YES;
				GCC_C_LANGUAGE_STANDARD = gnu17;
				GCC_DYNAMIC_NO_PIC = NO;
				GCC_NO_COMMON_BLOCKS = YES;
				GCC_OPTIMIZATION_LEVEL = 0;
				GCC_PREPROCESSOR_DEFINITIONS = (
					"DEBUG=1",
					"$(inherited)",
				);
				GCC_WARN_64_TO_32_BIT_CONVERSION = YES;
				GCC_WARN_ABOUT_RETURN_TYPE = YES_ERROR;
				GCC_WARN_UNDECLARED_SELECTOR = YES;
				GCC_WARN_UNINITIALIZED_AUTOS = YES_AGGRESSIVE;
				GCC_WARN_UNUSED_FUNCTION = YES;
				GCC_WARN_UNUSED_VARIABLE = YES;
				IPHONEOS_DEPLOYMENT_TARGET = 17.2;
				LOCALIZATION_PREFERS_STRING_CATALOGS = YES;
				MTL_ENABLE_DEBUG_INFO = INCLUDE_SOURCE;
				MTL_FAST_MATH = YES;
				ONLY_ACTIVE_ARCH = YES;
				SDKROOT = iphoneos;
				SWIFT_ACTIVE_COMPILATION_CONDITIONS = "DEBUG $(inherited)";
				SWIFT_OPTIMIZATION_LEVEL = "-Onone";
			};
			name = Debug;
		};
		E3B87C8E2BE3EAA5009A6DFD /* Release */ = {
			isa = XCBuildConfiguration;
			buildSettings = {
				ALWAYS_SEARCH_USER_PATHS = NO;
				ASSETCATALOG_COMPILER_GENERATE_SWIFT_ASSET_SYMBOL_EXTENSIONS = YES;
				CLANG_ANALYZER_NONNULL = YES;
				CLANG_ANALYZER_NUMBER_OBJECT_CONVERSION = YES_AGGRESSIVE;
				CLANG_CXX_LANGUAGE_STANDARD = "gnu++20";
				CLANG_ENABLE_MODULES = YES;
				CLANG_ENABLE_OBJC_ARC = YES;
				CLANG_ENABLE_OBJC_WEAK = YES;
				CLANG_WARN_BLOCK_CAPTURE_AUTORELEASING = YES;
				CLANG_WARN_BOOL_CONVERSION = YES;
				CLANG_WARN_COMMA = YES;
				CLANG_WARN_CONSTANT_CONVERSION = YES;
				CLANG_WARN_DEPRECATED_OBJC_IMPLEMENTATIONS = YES;
				CLANG_WARN_DIRECT_OBJC_ISA_USAGE = YES_ERROR;
				CLANG_WARN_DOCUMENTATION_COMMENTS = YES;
				CLANG_WARN_EMPTY_BODY = YES;
				CLANG_WARN_ENUM_CONVERSION = YES;
				CLANG_WARN_INFINITE_RECURSION = YES;
				CLANG_WARN_INT_CONVERSION = YES;
				CLANG_WARN_NON_LITERAL_NULL_CONVERSION = YES;
				CLANG_WARN_OBJC_IMPLICIT_RETAIN_SELF = YES;
				CLANG_WARN_OBJC_LITERAL_CONVERSION = YES;
				CLANG_WARN_OBJC_ROOT_CLASS = YES_ERROR;
				CLANG_WARN_QUOTED_INCLUDE_IN_FRAMEWORK_HEADER = YES;
				CLANG_WARN_RANGE_LOOP_ANALYSIS = YES;
				CLANG_WARN_STRICT_PROTOTYPES = YES;
				CLANG_WARN_SUSPICIOUS_MOVE = YES;
				CLANG_WARN_UNGUARDED_AVAILABILITY = YES_AGGRESSIVE;
				CLANG_WARN_UNREACHABLE_CODE = YES;
				CLANG_WARN__DUPLICATE_METHOD_MATCH = YES;
				COPY_PHASE_STRIP = NO;
				DEBUG_INFORMATION_FORMAT = "dwarf-with-dsym";
				ENABLE_NS_ASSERTIONS = NO;
				ENABLE_STRICT_OBJC_MSGSEND = YES;
				ENABLE_USER_SCRIPT_SANDBOXING = YES;
				GCC_C_LANGUAGE_STANDARD = gnu17;
				GCC_NO_COMMON_BLOCKS = YES;
				GCC_WARN_64_TO_32_BIT_CONVERSION = YES;
				GCC_WARN_ABOUT_RETURN_TYPE = YES_ERROR;
				GCC_WARN_UNDECLARED_SELECTOR = YES;
				GCC_WARN_UNINITIALIZED_AUTOS = YES_AGGRESSIVE;
				GCC_WARN_UNUSED_FUNCTION = YES;
				GCC_WARN_UNUSED_VARIABLE = YES;
				IPHONEOS_DEPLOYMENT_TARGET = 17.2;
				LOCALIZATION_PREFERS_STRING_CATALOGS = YES;
				MTL_ENABLE_DEBUG_INFO = NO;
				MTL_FAST_MATH = YES;
				SDKROOT = iphoneos;
				SWIFT_COMPILATION_MODE = wholemodule;
				VALIDATE_PRODUCT = YES;
			};
			name = Release;
		};
		E3B87C902BE3EAA5009A6DFD /* Debug */ = {
			isa = XCBuildConfiguration;
			buildSettings = {
				ASSETCATALOG_COMPILER_APPICON_NAME = AppIcon;
				ASSETCATALOG_COMPILER_GLOBAL_ACCENT_COLOR_NAME = AccentColor;
				CODE_SIGN_STYLE = Automatic;
				CURRENT_PROJECT_VERSION = 1;
				DEVELOPMENT_ASSET_PATHS = "\"HelpDesk/Preview Content\"";
				DEVELOPMENT_TEAM = VAC49TM43D;
				ENABLE_PREVIEWS = YES;
				GENERATE_INFOPLIST_FILE = YES;
				INFOPLIST_KEY_UIApplicationSceneManifest_Generation = YES;
				INFOPLIST_KEY_UIApplicationSupportsIndirectInputEvents = YES;
				INFOPLIST_KEY_UILaunchScreen_Generation = YES;
				INFOPLIST_KEY_UISupportedInterfaceOrientations_iPad = "UIInterfaceOrientationPortrait UIInterfaceOrientationPortraitUpsideDown UIInterfaceOrientationLandscapeLeft UIInterfaceOrientationLandscapeRight";
				INFOPLIST_KEY_UISupportedInterfaceOrientations_iPhone = "UIInterfaceOrientationPortrait UIInterfaceOrientationLandscapeLeft UIInterfaceOrientationLandscapeRight";
				LD_RUNPATH_SEARCH_PATHS = (
					"$(inherited)",
					"@executable_path/Frameworks",
				);
				MARKETING_VERSION = 1.0;
				PRODUCT_BUNDLE_IDENTIFIER = com.JoeVargas.HelpDesk;
				PRODUCT_NAME = "$(TARGET_NAME)";
				SWIFT_EMIT_LOC_STRINGS = YES;
				SWIFT_VERSION = 5.0;
				TARGETED_DEVICE_FAMILY = "1,2";
			};
			name = Debug;
		};
		E3B87C912BE3EAA5009A6DFD /* Release */ = {
			isa = XCBuildConfiguration;
			buildSettings = {
				ASSETCATALOG_COMPILER_APPICON_NAME = AppIcon;
				ASSETCATALOG_COMPILER_GLOBAL_ACCENT_COLOR_NAME = AccentColor;
				CODE_SIGN_STYLE = Automatic;
				CURRENT_PROJECT_VERSION = 1;
				DEVELOPMENT_ASSET_PATHS = "\"HelpDesk/Preview Content\"";
				DEVELOPMENT_TEAM = VAC49TM43D;
				ENABLE_PREVIEWS = YES;
				GENERATE_INFOPLIST_FILE = YES;
				INFOPLIST_KEY_UIApplicationSceneManifest_Generation = YES;
				INFOPLIST_KEY_UIApplicationSupportsIndirectInputEvents = YES;
				INFOPLIST_KEY_UILaunchScreen_Generation = YES;
				INFOPLIST_KEY_UISupportedInterfaceOrientations_iPad = "UIInterfaceOrientationPortrait UIInterfaceOrientationPortraitUpsideDown UIInterfaceOrientationLandscapeLeft UIInterfaceOrientationLandscapeRight";
				INFOPLIST_KEY_UISupportedInterfaceOrientations_iPhone = "UIInterfaceOrientationPortrait UIInterfaceOrientationLandscapeLeft UIInterfaceOrientationLandscapeRight";
				LD_RUNPATH_SEARCH_PATHS = (
					"$(inherited)",
					"@executable_path/Frameworks",
				);
				MARKETING_VERSION = 1.0;
				PRODUCT_BUNDLE_IDENTIFIER = com.JoeVargas.HelpDesk;
				PRODUCT_NAME = "$(TARGET_NAME)";
				SWIFT_EMIT_LOC_STRINGS = YES;
				SWIFT_VERSION = 5.0;
				TARGETED_DEVICE_FAMILY = "1,2";
			};
			name = Release;
		};
/* End XCBuildConfiguration section */

/* Begin XCConfigurationList section */
		E3B87C7C2BE3EAA2009A6DFD /* Build configuration list for PBXProject "HelpDesk" */ = {
			isa = XCConfigurationList;
			buildConfigurations = (
				E3B87C8D2BE3EAA5009A6DFD /* Debug */,
				E3B87C8E2BE3EAA5009A6DFD /* Release */,
			);
			defaultConfigurationIsVisible = 0;
			defaultConfigurationName = Release;
		};
		E3B87C8F2BE3EAA5009A6DFD /* Build configuration list for PBXNativeTarget "HelpDesk" */ = {
			isa = XCConfigurationList;
			buildConfigurations = (
				E3B87C902BE3EAA5009A6DFD /* Debug */,
				E3B87C912BE3EAA5009A6DFD /* Release */,
			);
			defaultConfigurationIsVisible = 0;
			defaultConfigurationName = Release;
		};
/* End XCConfigurationList section */

/* Begin XCRemoteSwiftPackageReference section */
		E3741A9B2BE4055E00697F5F /* XCRemoteSwiftPackageReference "firebase-ios-sdk" */ = {
			isa = XCRemoteSwiftPackageReference;
			repositoryURL = "https://github.com/firebase/firebase-ios-sdk";
			requirement = {
				kind = upToNextMajorVersion;
				minimumVersion = 10.25.0;
			};
		};
/* End XCRemoteSwiftPackageReference section */

/* Begin XCSwiftPackageProductDependency section */
		E3741A9C2BE4055E00697F5F /* FirebaseAuth */ = {
			isa = XCSwiftPackageProductDependency;
			package = E3741A9B2BE4055E00697F5F /* XCRemoteSwiftPackageReference "firebase-ios-sdk" */;
			productName = FirebaseAuth;
		};
		E3741A9E2BE4055E00697F5F /* FirebaseFirestore */ = {
			isa = XCSwiftPackageProductDependency;
			package = E3741A9B2BE4055E00697F5F /* XCRemoteSwiftPackageReference "firebase-ios-sdk" */;
			productName = FirebaseFirestore;
		};
		E3741AA02BE4055E00697F5F /* FirebaseFirestoreSwift */ = {
			isa = XCSwiftPackageProductDependency;
			package = E3741A9B2BE4055E00697F5F /* XCRemoteSwiftPackageReference "firebase-ios-sdk" */;
			productName = FirebaseFirestoreSwift;
		};
		E3741AA22BE4055E00697F5F /* FirebaseStorage */ = {
			isa = XCSwiftPackageProductDependency;
			package = E3741A9B2BE4055E00697F5F /* XCRemoteSwiftPackageReference "firebase-ios-sdk" */;
			productName = FirebaseStorage;
		};
/* End XCSwiftPackageProductDependency section */
	};
	rootObject = E3B87C792BE3EAA2009A6DFD /* Project object */;
}
